
Microsoft Visual Studio Solution File, Format Version 12.00
Project("{FAE04EC0-301F-11D3-BF4B-00C04F79EFBC}") = "OrderFlow.Api", "OrderFlow.Api\OrderFlow.Api.csproj", "{16AD4195-AAA7-4770-A492-8C35A205EBDB}"
EndProject
Project("{FAE04EC0-301F-11D3-BF4B-00C04F79EFBC}") = "OrderFlow.Contracts", "OrderFlow.Contracts\OrderFlow.Contracts.csproj", "{62427798-216F-4E6E-921F-F5DA41466E2B}"
EndProject
Global
	GlobalSection(SolutionConfigurationPlatforms) = preSolution
		Debug|Any CPU = Debug|Any CPU
		Release|Any CPU = Release|Any CPU
	EndGlobalSection
	GlobalSection(ProjectConfigurationPlatforms) = postSolution
		{16AD4195-AAA7-4770-A492-8C35A205EBDB}.Debug|Any CPU.ActiveCfg = Debug|Any CPU
		{16AD4195-AAA7-4770-A492-8C35A205EBDB}.Debug|Any CPU.Build.0 = Debug|Any CPU
		{16AD4195-AAA7-4770-A492-8C35A205EBDB}.Release|Any CPU.ActiveCfg = Release|Any CPU
		{16AD4195-AAA7-4770-A492-8C35A205EBDB}.Release|Any CPU.Build.0 = Release|Any CPU
		{62427798-216F-4E6E-921F-F5DA41466E2B}.Debug|Any CPU.ActiveCfg = Debug|Any CPU
		{62427798-216F-4E6E-921F-F5DA41466E2B}.Debug|Any CPU.Build.0 = Debug|Any CPU
		{62427798-216F-4E6E-921F-F5DA41466E2B}.Release|Any CPU.ActiveCfg = Release|Any CPU
		{62427798-216F-4E6E-921F-F5DA41466E2B}.Release|Any CPU.Build.0 = Release|Any CPU
	EndGlobalSection
EndGlobal
